
Microsoft Visual Studio Solution File, Format Version 12.00
# Visual Studio Version 16
VisualStudioVersion = 16.0.30114.105
MinimumVisualStudioVersion = 10.0.40219.1
Project("{FAE04EC0-301F-11D3-BF4B-00C04F79EFBC}") = "MineSweeperLogic", "MineSweeperLogic\MineSweeperLogic.csproj", "{987D89AD-F80A-4683-816D-3555ACE827C7}"
EndProject
Project("{FAE04EC0-301F-11D3-BF4B-00C04F79EFBC}") = "MineSweeperClientBlazor", "MineSweeperClientBlazor\MineSweeperClientBlazor.csproj", "{0BA23344-C516-40C3-ACB7-88F0DEADA4EE}"
EndProject
Global
	GlobalSection(SolutionConfigurationPlatforms) = preSolution
		Debug|Any CPU = Debug|Any CPU
		Release|Any CPU = Release|Any CPU
	EndGlobalSection
	GlobalSection(SolutionProperties) = preSolution
		HideSolutionNode = FALSE
	EndGlobalSection
	GlobalSection(ProjectConfigurationPlatforms) = postSolution
		{8804300F-A154-4635-A06C-C9028DF04CD3}.Debug|Any CPU.ActiveCfg = Debug|Any CPU
		{8804300F-A154-4635-A06C-C9028DF04CD3}.Debug|Any CPU.Build.0 = Debug|Any CPU
		{8804300F-A154-4635-A06C-C9028DF04CD3}.Release|Any CPU.ActiveCfg = Release|Any CPU
		{8804300F-A154-4635-A06C-C9028DF04CD3}.Release|Any CPU.Build.0 = Release|Any CPU
		{987D89AD-F80A-4683-816D-3555ACE827C7}.Debug|Any CPU.ActiveCfg = Debug|Any CPU
		{987D89AD-F80A-4683-816D-3555ACE827C7}.Debug|Any CPU.Build.0 = Debug|Any CPU
		{987D89AD-F80A-4683-816D-3555ACE827C7}.Release|Any CPU.ActiveCfg = Release|Any CPU
		{987D89AD-F80A-4683-816D-3555ACE827C7}.Release|Any CPU.Build.0 = Release|Any CPU
		{0BA23344-C516-40C3-ACB7-88F0DEADA4EE}.Debug|Any CPU.ActiveCfg = Debug|Any CPU
		{0BA23344-C516-40C3-ACB7-88F0DEADA4EE}.Debug|Any CPU.Build.0 = Debug|Any CPU
		{0BA23344-C516-40C3-ACB7-88F0DEADA4EE}.Release|Any CPU.ActiveCfg = Release|Any CPU
		{0BA23344-C516-40C3-ACB7-88F0DEADA4EE}.Release|Any CPU.Build.0 = Release|Any CPU
	EndGlobalSection
EndGlobal
